
Microsoft Visual Studio Solution File, Format Version 12.00
# Visual Studio Version 17
VisualStudioVersion = 17.5.002.0
MinimumVisualStudioVersion = 10.0.40219.1
Project("{2150E333-8FDC-42A3-9474-1A3956D46DE8}") = "week01", "week01", "{EF880C33-924F-4730-8E66-D50691AAC85C}"
EndProject
Project("{9A19103F-16F7-4668-BE54-9A1E7A4F7556}") = "code", "week01\code\code.csproj", "{86E48EB2-053F-42E8-AAA5-1D1D5B429D56}"
EndProject
Project("{9A19103F-16F7-4668-BE54-9A1E7A4F7556}") = "analyze", "week01\analyze\analyze.csproj", "{EBA91DFC-F0E2-4E51-BA12-FDA88C0F0D7F}"
EndProject
Project("{9A19103F-16F7-4668-BE54-9A1E7A4F7556}") = "teach", "week01\teach\teach.csproj", "{10549006-A5CA-4A36-AEC4-61E51EE082FD}"
EndProject
Project("{2150E333-8FDC-42A3-9474-1A3956D46DE8}") = "week06", "week06", "{A391AF45-22E4-4E74-A19B-1560239BAE0F}"
EndProject
Project("{9A19103F-16F7-4668-BE54-9A1E7A4F7556}") = "code", "week06\code\code.csproj", "{0A610017-9E97-41CA-9EAB-B168F22115DA}"
EndProject
Project("{2150E333-8FDC-42A3-9474-1A3956D46DE8}") = "sandbox", "sandbox", "{AFB8F346-4D6A-467F-8FBE-A21E595C7696}"
EndProject
Project("{9A19103F-16F7-4668-BE54-9A1E7A4F7556}") = "sandbox_project", "sandbox\sandbox_project\sandbox_project.csproj", "{A44ACCE3-68B2-40D2-966D-2DFD2B7362DC}"
EndProject
Project("{2150E333-8FDC-42A3-9474-1A3956D46DE8}") = "week05", "week05", "{77FC8ABB-DF2A-4095-AC06-71ACAD0DF14E}"
EndProject
Project("{9A19103F-16F7-4668-BE54-9A1E7A4F7556}") = "code", "week05\code\code.csproj", "{501FE23B-F930-4D74-BA8D-A11C4D2BB417}"
EndProject
Project("{2150E333-8FDC-42A3-9474-1A3956D46DE8}") = "week02", "week02", "{29A722D0-34ED-4B1D-B4EE-2A8BE2B800AD}"
EndProject
Project("{9A19103F-16F7-4668-BE54-9A1E7A4F7556}") = "learn", "week02\learn\learn.csproj", "{B94F8D6F-55D3-4632-9435-93FE4CAD14FD}"
EndProject
Project("{9A19103F-16F7-4668-BE54-9A1E7A4F7556}") = "code", "week02\code\code.csproj", "{BDA4B551-1E37-46FF-B3ED-70801AA3CDC0}"
EndProject
Project("{9A19103F-16F7-4668-BE54-9A1E7A4F7556}") = "analyze", "week02\analyze\analyze.csproj", "{78F7091C-D9BA-43A2-88C6-D5F3D35A514C}"
EndProject
Project("{9A19103F-16F7-4668-BE54-9A1E7A4F7556}") = "teach", "week02\teach\teach.csproj", "{483C1ED7-90C9-4E3B-813F-067BEE8FCEA7}"
EndProject
Project("{2150E333-8FDC-42A3-9474-1A3956D46DE8}") = "week03", "week03", "{BBF53433-5E50-41AD-8B26-E25CDE9CFFE8}"
EndProject
Project("{9A19103F-16F7-4668-BE54-9A1E7A4F7556}") = "learn", "week03\learn\learn.csproj", "{8CE74E3E-152F-4C00-87D8-4F45A7ABF7AC}"
EndProject
Project("{9A19103F-16F7-4668-BE54-9A1E7A4F7556}") = "code", "week03\code\code.csproj", "{FBC4ADB1-E381-4A2F-AFEB-BF4320CF147C}"
EndProject
Project("{9A19103F-16F7-4668-BE54-9A1E7A4F7556}") = "teach", "week03\teach\teach.csproj", "{63533147-F0E7-42C1-B39B-FFBB32D9086D}"
EndProject
Project("{2150E333-8FDC-42A3-9474-1A3956D46DE8}") = "week04", "week04", "{FD8C4719-822B-4F50-9EAE-9E53455F25C7}"
EndProject
Project("{9A19103F-16F7-4668-BE54-9A1E7A4F7556}") = "code", "week04\code\code.csproj", "{A9D3A28D-20BD-4868-8CD0-BEBC508C2A0D}"
EndProject
Global
	GlobalSection(SolutionConfigurationPlatforms) = preSolution
		Debug|Any CPU = Debug|Any CPU
		Release|Any CPU = Release|Any CPU
	EndGlobalSection
	GlobalSection(ProjectConfigurationPlatforms) = postSolution
		{86E48EB2-053F-42E8-AAA5-1D1D5B429D56}.Debug|Any CPU.ActiveCfg = Debug|Any CPU
		{86E48EB2-053F-42E8-AAA5-1D1D5B429D56}.Debug|Any CPU.Build.0 = Debug|Any CPU
		{86E48EB2-053F-42E8-AAA5-1D1D5B429D56}.Release|Any CPU.ActiveCfg = Release|Any CPU
		{86E48EB2-053F-42E8-AAA5-1D1D5B429D56}.Release|Any CPU.Build.0 = Release|Any CPU
		{EBA91DFC-F0E2-4E51-BA12-FDA88C0F0D7F}.Debug|Any CPU.ActiveCfg = Debug|Any CPU
		{EBA91DFC-F0E2-4E51-BA12-FDA88C0F0D7F}.Debug|Any CPU.Build.0 = Debug|Any CPU
		{EBA91DFC-F0E2-4E51-BA12-FDA88C0F0D7F}.Release|Any CPU.ActiveCfg = Release|Any CPU
		{EBA91DFC-F0E2-4E51-BA12-FDA88C0F0D7F}.Release|Any CPU.Build.0 = Release|Any CPU
		{10549006-A5CA-4A36-AEC4-61E51EE082FD}.Debug|Any CPU.ActiveCfg = Debug|Any CPU
		{10549006-A5CA-4A36-AEC4-61E51EE082FD}.Debug|Any CPU.Build.0 = Debug|Any CPU
		{10549006-A5CA-4A36-AEC4-61E51EE082FD}.Release|Any CPU.ActiveCfg = Release|Any CPU
		{10549006-A5CA-4A36-AEC4-61E51EE082FD}.Release|Any CPU.Build.0 = Release|Any CPU
		{0A610017-9E97-41CA-9EAB-B168F22115DA}.Debug|Any CPU.ActiveCfg = Debug|Any CPU
		{0A610017-9E97-41CA-9EAB-B168F22115DA}.Debug|Any CPU.Build.0 = Debug|Any CPU
		{0A610017-9E97-41CA-9EAB-B168F22115DA}.Release|Any CPU.ActiveCfg = Release|Any CPU
		{0A610017-9E97-41CA-9EAB-B168F22115DA}.Release|Any CPU.Build.0 = Release|Any CPU
		{A44ACCE3-68B2-40D2-966D-2DFD2B7362DC}.Debug|Any CPU.ActiveCfg = Debug|Any CPU
		{A44ACCE3-68B2-40D2-966D-2DFD2B7362DC}.Debug|Any CPU.Build.0 = Debug|Any CPU
		{A44ACCE3-68B2-40D2-966D-2DFD2B7362DC}.Release|Any CPU.ActiveCfg = Release|Any CPU
		{A44ACCE3-68B2-40D2-966D-2DFD2B7362DC}.Release|Any CPU.Build.0 = Release|Any CPU
		{501FE23B-F930-4D74-BA8D-A11C4D2BB417}.Debug|Any CPU.ActiveCfg = Debug|Any CPU
		{501FE23B-F930-4D74-BA8D-A11C4D2BB417}.Debug|Any CPU.Build.0 = Debug|Any CPU
		{501FE23B-F930-4D74-BA8D-A11C4D2BB417}.Release|Any CPU.ActiveCfg = Release|Any CPU
		{501FE23B-F930-4D74-BA8D-A11C4D2BB417}.Release|Any CPU.Build.0 = Release|Any CPU
		{B94F8D6F-55D3-4632-9435-93FE4CAD14FD}.Debug|Any CPU.ActiveCfg = Debug|Any CPU
		{B94F8D6F-55D3-4632-9435-93FE4CAD14FD}.Debug|Any CPU.Build.0 = Debug|Any CPU
		{B94F8D6F-55D3-4632-9435-93FE4CAD14FD}.Release|Any CPU.ActiveCfg = Release|Any CPU
		{B94F8D6F-55D3-4632-9435-93FE4CAD14FD}.Release|Any CPU.Build.0 = Release|Any CPU
		{BDA4B551-1E37-46FF-B3ED-70801AA3CDC0}.Debug|Any CPU.ActiveCfg = Debug|Any CPU
		{BDA4B551-1E37-46FF-B3ED-70801AA3CDC0}.Debug|Any CPU.Build.0 = Debug|Any CPU
		{BDA4B551-1E37-46FF-B3ED-70801AA3CDC0}.Release|Any CPU.ActiveCfg = Release|Any CPU
		{BDA4B551-1E37-46FF-B3ED-70801AA3CDC0}.Release|Any CPU.Build.0 = Release|Any CPU
		{78F7091C-D9BA-43A2-88C6-D5F3D35A514C}.Debug|Any CPU.ActiveCfg = Debug|Any CPU
		{78F7091C-D9BA-43A2-88C6-D5F3D35A514C}.Debug|Any CPU.Build.0 = Debug|Any CPU
		{78F7091C-D9BA-43A2-88C6-D5F3D35A514C}.Release|Any CPU.ActiveCfg = Release|Any CPU
		{78F7091C-D9BA-43A2-88C6-D5F3D35A514C}.Release|Any CPU.Build.0 = Release|Any CPU
		{483C1ED7-90C9-4E3B-813F-067BEE8FCEA7}.Debug|Any CPU.ActiveCfg = Debug|Any CPU
		{483C1ED7-90C9-4E3B-813F-067BEE8FCEA7}.Debug|Any CPU.Build.0 = Debug|Any CPU
		{483C1ED7-90C9-4E3B-813F-067BEE8FCEA7}.Release|Any CPU.ActiveCfg = Release|Any CPU
		{483C1ED7-90C9-4E3B-813F-067BEE8FCEA7}.Release|Any CPU.Build.0 = Release|Any CPU
		{8CE74E3E-152F-4C00-87D8-4F45A7ABF7AC}.Debug|Any CPU.ActiveCfg = Debug|Any CPU
		{8CE74E3E-152F-4C00-87D8-4F45A7ABF7AC}.Debug|Any CPU.Build.0 = Debug|Any CPU
		{8CE74E3E-152F-4C00-87D8-4F45A7ABF7AC}.Release|Any CPU.ActiveCfg = Release|Any CPU
		{8CE74E3E-152F-4C00-87D8-4F45A7ABF7AC}.Release|Any CPU.Build.0 = Release|Any CPU
		{FBC4ADB1-E381-4A2F-AFEB-BF4320CF147C}.Debug|Any CPU.ActiveCfg = Debug|Any CPU
		{FBC4ADB1-E381-4A2F-AFEB-BF4320CF147C}.Debug|Any CPU.Build.0 = Debug|Any CPU
		{FBC4ADB1-E381-4A2F-AFEB-BF4320CF147C}.Release|Any CPU.ActiveCfg = Release|Any CPU
		{FBC4ADB1-E381-4A2F-AFEB-BF4320CF147C}.Release|Any CPU.Build.0 = Release|Any CPU
		{63533147-F0E7-42C1-B39B-FFBB32D9086D}.Debug|Any CPU.ActiveCfg = Debug|Any CPU
		{63533147-F0E7-42C1-B39B-FFBB32D9086D}.Debug|Any CPU.Build.0 = Debug|Any CPU
		{63533147-F0E7-42C1-B39B-FFBB32D9086D}.Release|Any CPU.ActiveCfg = Release|Any CPU
		{63533147-F0E7-42C1-B39B-FFBB32D9086D}.Release|Any CPU.Build.0 = Release|Any CPU
		{A9D3A28D-20BD-4868-8CD0-BEBC508C2A0D}.Debug|Any CPU.ActiveCfg = Debug|Any CPU
		{A9D3A28D-20BD-4868-8CD0-BEBC508C2A0D}.Debug|Any CPU.Build.0 = Debug|Any CPU
		{A9D3A28D-20BD-4868-8CD0-BEBC508C2A0D}.Release|Any CPU.ActiveCfg = Release|Any CPU
		{A9D3A28D-20BD-4868-8CD0-BEBC508C2A0D}.Release|Any CPU.Build.0 = Release|Any CPU
	EndGlobalSection
	GlobalSection(SolutionProperties) = preSolution
		HideSolutionNode = FALSE
	EndGlobalSection
	GlobalSection(NestedProjects) = preSolution
		{86E48EB2-053F-42E8-AAA5-1D1D5B429D56} = {EF880C33-924F-4730-8E66-D50691AAC85C}
		{EBA91DFC-F0E2-4E51-BA12-FDA88C0F0D7F} = {EF880C33-924F-4730-8E66-D50691AAC85C}
		{10549006-A5CA-4A36-AEC4-61E51EE082FD} = {EF880C33-924F-4730-8E66-D50691AAC85C}
		{0A610017-9E97-41CA-9EAB-B168F22115DA} = {A391AF45-22E4-4E74-A19B-1560239BAE0F}
		{A44ACCE3-68B2-40D2-966D-2DFD2B7362DC} = {AFB8F346-4D6A-467F-8FBE-A21E595C7696}
		{501FE23B-F930-4D74-BA8D-A11C4D2BB417} = {77FC8ABB-DF2A-4095-AC06-71ACAD0DF14E}
		{B94F8D6F-55D3-4632-9435-93FE4CAD14FD} = {29A722D0-34ED-4B1D-B4EE-2A8BE2B800AD}
		{BDA4B551-1E37-46FF-B3ED-70801AA3CDC0} = {29A722D0-34ED-4B1D-B4EE-2A8BE2B800AD}
		{78F7091C-D9BA-43A2-88C6-D5F3D35A514C} = {29A722D0-34ED-4B1D-B4EE-2A8BE2B800AD}
		{483C1ED7-90C9-4E3B-813F-067BEE8FCEA7} = {29A722D0-34ED-4B1D-B4EE-2A8BE2B800AD}
		{8CE74E3E-152F-4C00-87D8-4F45A7ABF7AC} = {BBF53433-5E50-41AD-8B26-E25CDE9CFFE8}
		{FBC4ADB1-E381-4A2F-AFEB-BF4320CF147C} = {BBF53433-5E50-41AD-8B26-E25CDE9CFFE8}
		{63533147-F0E7-42C1-B39B-FFBB32D9086D} = {BBF53433-5E50-41AD-8B26-E25CDE9CFFE8}
		{A9D3A28D-20BD-4868-8CD0-BEBC508C2A0D} = {FD8C4719-822B-4F50-9EAE-9E53455F25C7}
	EndGlobalSection
	GlobalSection(ExtensibilityGlobals) = postSolution
		SolutionGuid = {09789C5C-710A-47E5-BC48-8855721C6C94}
	EndGlobalSection
EndGlobal
